
Microsoft Visual Studio Solution File, Format Version 12.00
# Visual Studio Version 17
VisualStudioVersion = 17.7.34031.279
MinimumVisualStudioVersion = 10.0.40219.1
Project("{FAE04EC0-301F-11D3-BF4B-00C04F79EFBC}") = "FlyHighApi", "FlyHighApi\FlyHighApi.csproj", "{F163C0B9-6A11-4962-B567-030B2DA8CD82}"
EndProject
Global
	GlobalSection(SolutionConfigurationPlatforms) = preSolution
		Debug|Any CPU = Debug|Any CPU
		Release|Any CPU = Release|Any CPU
	EndGlobalSection
	GlobalSection(ProjectConfigurationPlatforms) = postSolution
		{F163C0B9-6A11-4962-B567-030B2DA8CD82}.Debug|Any CPU.ActiveCfg = Debug|Any CPU
		{F163C0B9-6A11-4962-B567-030B2DA8CD82}.Debug|Any CPU.Build.0 = Debug|Any CPU
		{F163C0B9-6A11-4962-B567-030B2DA8CD82}.Release|Any CPU.ActiveCfg = Release|Any CPU
		{F163C0B9-6A11-4962-B567-030B2DA8CD82}.Release|Any CPU.Build.0 = Release|Any CPU
	EndGlobalSection
	GlobalSection(SolutionProperties) = preSolution
		HideSolutionNode = FALSE
	EndGlobalSection
	GlobalSection(ExtensibilityGlobals) = postSolution
		SolutionGuid = {B6B51B30-A09E-48FA-895B-A5F242BE05DD}
	EndGlobalSection
EndGlobal
